
Microsoft Visual Studio Solution File, Format Version 12.00
# Visual Studio Version 16
VisualStudioVersion = 16.0.31515.178
MinimumVisualStudioVersion = 10.0.40219.1
Project("{FAE04EC0-301F-11D3-BF4B-00C04F79EFBC}") = "Zer0neLib", "Zer0neLib\Zer0neLib.csproj", "{BC898E7E-A24B-4877-B79A-9C3DE1551486}"
EndProject
Project("{FAE04EC0-301F-11D3-BF4B-00C04F79EFBC}") = "Zer0neWinUI", "Zer0neWinUI\Zer0neWinUI.csproj", "{71071A38-F6F2-4073-935B-2C4B959DBF9A}"
EndProject
Project("{FAE04EC0-301F-11D3-BF4B-00C04F79EFBC}") = "Zer0Test", "Zer0Test\Zer0Test.csproj", "{008CDA24-0F7D-4532-8BEA-5F96EECE5735}"
EndProject
Global
	GlobalSection(SolutionConfigurationPlatforms) = preSolution
		Debug|Any CPU = Debug|Any CPU
		Release|Any CPU = Release|Any CPU
	EndGlobalSection
	GlobalSection(ProjectConfigurationPlatforms) = postSolution
		{BC898E7E-A24B-4877-B79A-9C3DE1551486}.Debug|Any CPU.ActiveCfg = Debug|Any CPU
		{BC898E7E-A24B-4877-B79A-9C3DE1551486}.Debug|Any CPU.Build.0 = Debug|Any CPU
		{BC898E7E-A24B-4877-B79A-9C3DE1551486}.Release|Any CPU.ActiveCfg = Release|Any CPU
		{BC898E7E-A24B-4877-B79A-9C3DE1551486}.Release|Any CPU.Build.0 = Release|Any CPU
		{71071A38-F6F2-4073-935B-2C4B959DBF9A}.Debug|Any CPU.ActiveCfg = Debug|Any CPU
		{71071A38-F6F2-4073-935B-2C4B959DBF9A}.Debug|Any CPU.Build.0 = Debug|Any CPU
		{71071A38-F6F2-4073-935B-2C4B959DBF9A}.Release|Any CPU.ActiveCfg = Release|Any CPU
		{71071A38-F6F2-4073-935B-2C4B959DBF9A}.Release|Any CPU.Build.0 = Release|Any CPU
		{008CDA24-0F7D-4532-8BEA-5F96EECE5735}.Debug|Any CPU.ActiveCfg = Debug|Any CPU
		{008CDA24-0F7D-4532-8BEA-5F96EECE5735}.Debug|Any CPU.Build.0 = Debug|Any CPU
		{008CDA24-0F7D-4532-8BEA-5F96EECE5735}.Release|Any CPU.ActiveCfg = Release|Any CPU
		{008CDA24-0F7D-4532-8BEA-5F96EECE5735}.Release|Any CPU.Build.0 = Release|Any CPU
	EndGlobalSection
	GlobalSection(SolutionProperties) = preSolution
		HideSolutionNode = FALSE
	EndGlobalSection
	GlobalSection(ExtensibilityGlobals) = postSolution
		SolutionGuid = {703B0166-8A14-4E1A-BB9E-9D3D20849E6E}
	EndGlobalSection
EndGlobal
